github.com/google/go-cmp v0.7.0 h1:wk8382ETsv4JYUZwIsn6YpYiWiBsYLSJiTsyBybVuN8=
github.com/google/go-cmp v0.7.0/go.mod h1:pXiqmnSA92OHEEa9HXL2W4E7lf9JzCmGVUdgjX3N/iU=
github.com/modelcontextprotocol/go-sdk v0.1.0 h1:ItzbFWYNt4EHcUrScX7P8JPASn1FVYb29G773Xkl+IU=
github.com/modelcontextprotocol/go-sdk v0.1.0/go.mod h1:DcXfbr7yl7e35oMpzHfKw2nUYRjhIGS2uou/6tdsTB0=
github.com/wlynxg/chardet v1.0.4 h1:hkI71Dx8v3RiAz3XKV5lJEh9QfKo7xXKUmYJQeIMlpo=
github.com/wlynxg/chardet v1.0.4/go.mod h1:HLQMNsa0w4MkH2e7waQaFD+Yh85riFFTLhFtP8fsdbQ=
golang.org/x/text v0.33.0 h1:B3njUFyqtHDUI5jMn1YIr5B0IE2U0qck04r6d4KPAxE=
golang.org/x/text v0.33.0/go.mod h1:LuMebE6+rBincTi9+xWTY8TztLzKHc/9C1uBCG27+q8=
golang.org/x/tools v0.40.0 h1:yLkxfA+Qnul4cs9QA3KnlFu0lVmd8JJfoq+E41uSutA=
golang.org/x/tools v0.40.0/go.mod h1:Ik/tzLRlbscWpqqMRjyWYDisX8bG13FrdXp3o4Sr9lc=
